
Microsoft Visual Studio Solution File, Format Version 12.00
# Visual Studio 15
VisualStudioVersion = 15.0.28307.168
MinimumVisualStudioVersion = 10.0.40219.1
Project("{FAE04EC0-301F-11D3-BF4B-00C04F79EFBC}") = "WatcomVS", "WatcomVS\WatcomVS.csproj", "{82A45096-FCC3-48A3-B1DB-A3C38F1D3F1D}"
EndProject
Project("{FAE04EC0-301F-11D3-BF4B-00C04F79EFBC}") = "WatcomVS.Tasks", "WatcomVS.Tasks\WatcomVS.Tasks.csproj", "{3474A2C3-19AC-4CDF-919D-95E3FA98D7DA}"
EndProject
Project("{FAE04EC0-301F-11D3-BF4B-00C04F79EFBC}") = "WatcomVS.Tests", "WatcomVS.Tests\WatcomVS.Tests.csproj", "{B119B03C-F061-440F-93B9-D35B82319348}"
EndProject
Global
	GlobalSection(SolutionConfigurationPlatforms) = preSolution
		Debug|x64 = Debug|x64
		Debug|x86 = Debug|x86
		Release|x64 = Release|x64
		Release|x86 = Release|x86
	EndGlobalSection
	GlobalSection(ProjectConfigurationPlatforms) = postSolution
		{82A45096-FCC3-48A3-B1DB-A3C38F1D3F1D}.Debug|x64.ActiveCfg = Debug|Any CPU
		{82A45096-FCC3-48A3-B1DB-A3C38F1D3F1D}.Debug|x64.Build.0 = Debug|Any CPU
		{82A45096-FCC3-48A3-B1DB-A3C38F1D3F1D}.Debug|x86.ActiveCfg = Debug|x86
		{82A45096-FCC3-48A3-B1DB-A3C38F1D3F1D}.Debug|x86.Build.0 = Debug|x86
		{82A45096-FCC3-48A3-B1DB-A3C38F1D3F1D}.Release|x64.ActiveCfg = Release|Any CPU
		{82A45096-FCC3-48A3-B1DB-A3C38F1D3F1D}.Release|x64.Build.0 = Release|Any CPU
		{82A45096-FCC3-48A3-B1DB-A3C38F1D3F1D}.Release|x86.ActiveCfg = Release|x86
		{82A45096-FCC3-48A3-B1DB-A3C38F1D3F1D}.Release|x86.Build.0 = Release|x86
		{3474A2C3-19AC-4CDF-919D-95E3FA98D7DA}.Debug|x64.ActiveCfg = Debug|Any CPU
		{3474A2C3-19AC-4CDF-919D-95E3FA98D7DA}.Debug|x64.Build.0 = Debug|Any CPU
		{3474A2C3-19AC-4CDF-919D-95E3FA98D7DA}.Debug|x86.ActiveCfg = Debug|x86
		{3474A2C3-19AC-4CDF-919D-95E3FA98D7DA}.Debug|x86.Build.0 = Debug|x86
		{3474A2C3-19AC-4CDF-919D-95E3FA98D7DA}.Release|x64.ActiveCfg = Release|Any CPU
		{3474A2C3-19AC-4CDF-919D-95E3FA98D7DA}.Release|x64.Build.0 = Release|Any CPU
		{3474A2C3-19AC-4CDF-919D-95E3FA98D7DA}.Release|x86.ActiveCfg = Release|x86
		{3474A2C3-19AC-4CDF-919D-95E3FA98D7DA}.Release|x86.Build.0 = Release|x86
		{B119B03C-F061-440F-93B9-D35B82319348}.Debug|x64.ActiveCfg = Debug|x86
		{B119B03C-F061-440F-93B9-D35B82319348}.Debug|x86.ActiveCfg = Debug|x86
		{B119B03C-F061-440F-93B9-D35B82319348}.Debug|x86.Build.0 = Debug|x86
		{B119B03C-F061-440F-93B9-D35B82319348}.Release|x64.ActiveCfg = Release|x86
		{B119B03C-F061-440F-93B9-D35B82319348}.Release|x86.ActiveCfg = Release|x86
		{B119B03C-F061-440F-93B9-D35B82319348}.Release|x86.Build.0 = Release|x86
	EndGlobalSection
	GlobalSection(SolutionProperties) = preSolution
		HideSolutionNode = FALSE
	EndGlobalSection
	GlobalSection(ExtensibilityGlobals) = postSolution
		SolutionGuid = {7FD7FB2E-CD54-4723-A79B-70CAEBA6CF26}
	EndGlobalSection
EndGlobal
